// !$*UTF8*$!
{
	archiveVersion = 1;
	classes = {
	};
	objectVersion = 77;
	objects = {

/* Begin PBXBuildFile section */
		0729CE3EC35C32CEC12026B1 /* Assets.xcassets in Resources */ = {isa = PBXBuildFile; fileRef = C3035383FA98B774B4F47C39 /* Assets.xcassets */; };
		0E68BDED62692800912DE41C /* LocalWipeService.swift in Sources */ = {isa = PBXBuildFile; fileRef = A5077C08931AFE23ABB6EBFB /* LocalWipeService.swift */; };
		1794B11F45DC4ACBA302F956 /* SynaraUITests.swift in Sources */ = {isa = PBXBuildFile; fileRef = 9D0A5EA751CC5D570C324084 /* SynaraUITests.swift */; };
		195E1F1A887EF41A86A02A3A /* PerformanceFixtureTests.swift in Sources */ = {isa = PBXBuildFile; fileRef = 4697063405B601DC0FE6F086 /* PerformanceFixtureTests.swift */; };
		1A25A4B89F510B78AED4E8C6 /* AppLogging.swift in Sources */ = {isa = PBXBuildFile; fileRef = 3C94FF43A1B1DDDCF8067FB1 /* AppLogging.swift */; };
		1DB7278B67BE35BB7DC62210 /* AgentActionService.swift in Sources */ = {isa = PBXBuildFile; fileRef = 80584058D243DE7197CF3096 /* AgentActionService.swift */; };
		2AEC9CA069983AED2A534D47 /* AuthService.swift in Sources */ = {isa = PBXBuildFile; fileRef = C830BF9B8F7ED001CA8AC317 /* AuthService.swift */; };
		2F7828F754C6D475F5E161B4 /* RoomListView.swift in Sources */ = {isa = PBXBuildFile; fileRef = 417DD4194803886BB803C6A6 /* RoomListView.swift */; };
		3AB84959BA0C8A2EB98CF309 /* ComposerService.swift in Sources */ = {isa = PBXBuildFile; fileRef = A7A9908B77A7CB8F4A4CC55A /* ComposerService.swift */; };
		3C76DA11CB749760025BAB3F /* MatrixRustSDK in Frameworks */ = {isa = PBXBuildFile; productRef = 04B49FA4F6E9D7346F1EDC97 /* MatrixRustSDK */; };
		3CF0BDAD36854DC8962393D4 /* LogRedactorTests.swift in Sources */ = {isa = PBXBuildFile; fileRef = 15DF14E92067B54B5BF14404 /* LogRedactorTests.swift */; };
		45DB0A08CF868FFA984A3B0D /* SecureSessionStoreTests.swift in Sources */ = {isa = PBXBuildFile; fileRef = 1C0070A890F80B56DD756D02 /* SecureSessionStoreTests.swift */; };
		480BE3E7090674BEB4144D36 /* ComposerServiceTests.swift in Sources */ = {isa = PBXBuildFile; fileRef = 28004193A008B4EDFF0E6E18 /* ComposerServiceTests.swift */; };
		48CE91CF86CBAC3081878AC9 /* AppRoute.swift in Sources */ = {isa = PBXBuildFile; fileRef = 253AA6941119C1C9D4F2DE3D /* AppRoute.swift */; };
		4A665A8695E281B0E96F0A54 /* TimelineService.swift in Sources */ = {isa = PBXBuildFile; fileRef = EDFDD334C6EF890B453477E1 /* TimelineService.swift */; };
		4C0DF38E441C5250941FE911 /* HomeserverDiscoveryTests.swift in Sources */ = {isa = PBXBuildFile; fileRef = 12329DB928DC3AB27731C926 /* HomeserverDiscoveryTests.swift */; };
		504E908432E2659D05DE87F8 /* SynaraContractsTests.swift in Sources */ = {isa = PBXBuildFile; fileRef = EE92B48EA7FF49B2D9FED1FE /* SynaraContractsTests.swift */; };
		53A86DD39FD62D232711EB70 /* HomeserverDiscovery.swift in Sources */ = {isa = PBXBuildFile; fileRef = B41D9817A0F821E67BCD9C00 /* HomeserverDiscovery.swift */; };
		53A96EF2B937BE57AE02A15C /* PushService.swift in Sources */ = {isa = PBXBuildFile; fileRef = A602AD446A2DD4C7C3A476ED /* PushService.swift */; };
		56E15BC20C25F32A6D25BA18 /* AppEnvironment.swift in Sources */ = {isa = PBXBuildFile; fileRef = CB040EB752E246AD052AC7E7 /* AppEnvironment.swift */; };
		5D6E01D7027F978C2751C1A9 /* MatrixRustSDKService.swift in Sources */ = {isa = PBXBuildFile; fileRef = CEE944AA45DCF6DA43357823 /* MatrixRustSDKService.swift */; };
		6022C473D59F944208C3E79D /* EventActionServiceTests.swift in Sources */ = {isa = PBXBuildFile; fileRef = E8CE546B97B6AE15795C6E76 /* EventActionServiceTests.swift */; };
		652C81E69C2C1B922B4BE789 /* RoomTimelineView.swift in Sources */ = {isa = PBXBuildFile; fileRef = A460B0098799FF6C79F0756E /* RoomTimelineView.swift */; };
		6CCD8DBF4D4A6682D58FD5B1 /* AgentApprovalServiceTests.swift in Sources */ = {isa = PBXBuildFile; fileRef = 45436B56CDB7CBBD40303484 /* AgentApprovalServiceTests.swift */; };
		70328744CB4C90A1526E9E28 /* TimelineServiceTests.swift in Sources */ = {isa = PBXBuildFile; fileRef = 633F1D9CBE601BF3E42E4B1B /* TimelineServiceTests.swift */; };
		76AE72648BA28AFF732BB8F6 /* RoomListServiceTests.swift in Sources */ = {isa = PBXBuildFile; fileRef = 0D42B2D11968F0B23193A4ED /* RoomListServiceTests.swift */; };
		7BD7C2DB346D071A5121FC36 /* AppRouteTests.swift in Sources */ = {isa = PBXBuildFile; fileRef = F55BBDF32970A214C2829B1B /* AppRouteTests.swift */; };
		88AAAD208C97C1A9EFF8AFE5 /* PushServiceTests.swift in Sources */ = {isa = PBXBuildFile; fileRef = 40037D97F31F787EA20BD7AE /* PushServiceTests.swift */; };
		89761685411B7F9D7FCCD863 /* HomeserverSelectionView.swift in Sources */ = {isa = PBXBuildFile; fileRef = C52EDC986E0B57231E77F695 /* HomeserverSelectionView.swift */; };
		8B42041876057A9091D2F463 /* PerformanceInstrumentation.swift in Sources */ = {isa = PBXBuildFile; fileRef = 00D51C4E0E89D32C8D99CC22 /* PerformanceInstrumentation.swift */; };
		8C497BFC6D2B9A3048BB2852 /* LoginView.swift in Sources */ = {isa = PBXBuildFile; fileRef = 2515972271FDB4E4717F0CEE /* LoginView.swift */; };
		8CD1DCF6DA4B22967284D0F3 /* PlaceholderScreen.swift in Sources */ = {isa = PBXBuildFile; fileRef = E23CEDAB04604A54EF7EAF9B /* PlaceholderScreen.swift */; };
		90B73234B5A1DC142783A451 /* AppTab.swift in Sources */ = {isa = PBXBuildFile; fileRef = DCD86C72DEE3F411D1FABB6B /* AppTab.swift */; };
		969D33C61DAE6C1B12C9BCDB /* AgentActionResolverTests.swift in Sources */ = {isa = PBXBuildFile; fileRef = 9DA6E8858D607B040754AF0E /* AgentActionResolverTests.swift */; };
		97901F6C1B589C2271A4975D /* AuthServiceTests.swift in Sources */ = {isa = PBXBuildFile; fileRef = 017B2EBED1FF4FF0EC25CB24 /* AuthServiceTests.swift */; };
		9B792F2B4073B7792ED943D8 /* MediaService.swift in Sources */ = {isa = PBXBuildFile; fileRef = B3ECC92EE34CCE4DB57A5D3E /* MediaService.swift */; };
		9D70F473C1C1E8971224F0B0 /* PrivacyInfo.xcprivacy in Resources */ = {isa = PBXBuildFile; fileRef = 184EF5364268AFF19F35E66B /* PrivacyInfo.xcprivacy */; };
		9DA561CC126EB87B8410D7C7 /* RootShellView.swift in Sources */ = {isa = PBXBuildFile; fileRef = 57076E7E82206F1492033846 /* RootShellView.swift */; };
		9F74223A8F55C5CF1DBAE27B /* SynaraContracts.swift in Sources */ = {isa = PBXBuildFile; fileRef = 14082967A84F18C386D01EFB /* SynaraContracts.swift */; };
		A4B52FFB382C8BD8FFFDF5F9 /* SecureSessionStore.swift in Sources */ = {isa = PBXBuildFile; fileRef = CDD7517A55AC0E513E708AA0 /* SecureSessionStore.swift */; };
		A72441DA6F04ED38E6AFA5FD /* RoomListService.swift in Sources */ = {isa = PBXBuildFile; fileRef = B6E7399D69CF6418A4206407 /* RoomListService.swift */; };
		BE33F8C817E797AB7182C4C0 /* SynaraDesign.swift in Sources */ = {isa = PBXBuildFile; fileRef = 4E13415F14EC8A65D465380C /* SynaraDesign.swift */; };
		BFD957777F3C28C1ED7C69AD /* MatrixLifecycleTests.swift in Sources */ = {isa = PBXBuildFile; fileRef = 2CBE437294BD93B48D7CDF75 /* MatrixLifecycleTests.swift */; };
		CC89EE97042280F04BD29498 /* SynaraApp.swift in Sources */ = {isa = PBXBuildFile; fileRef = B2E4F1A7ADF247942C6D0059 /* SynaraApp.swift */; };
		D46F130EFA2B2D58B79B605D /* AppServices.swift in Sources */ = {isa = PBXBuildFile; fileRef = 8A4D48D89C01C70901919CAB /* AppServices.swift */; };
		DD21E3D8ABB385F61B3E008F /* MediaServiceTests.swift in Sources */ = {isa = PBXBuildFile; fileRef = CAB0B1FDD47555E50BE466B2 /* MediaServiceTests.swift */; };
		E9028170C931CDFE77B89713 /* EventActionService.swift in Sources */ = {isa = PBXBuildFile; fileRef = A856EC4E030E1E38C04CBE4B /* EventActionService.swift */; };
		ECCF8209D63C8A3CD581CF75 /* LocalWipeServiceTests.swift in Sources */ = {isa = PBXBuildFile; fileRef = C261C2AFA98091E546B19E90 /* LocalWipeServiceTests.swift */; };
		EE7410A9C8E4EB56072632D8 /* SettingsView.swift in Sources */ = {isa = PBXBuildFile; fileRef = C0FBB16EA6FF93511B2EE8F0 /* SettingsView.swift */; };
		EFAE66D8EA286E31E189C876 /* LaterListView.swift in Sources */ = {isa = PBXBuildFile; fileRef = B5BE26F02C5C59C8ED097BF8 /* LaterListView.swift */; };
		F2A315907EC47F18BB54CC1C /* AppEnvironmentTests.swift in Sources */ = {isa = PBXBuildFile; fileRef = 3FF241378CB1601D3575AF03 /* AppEnvironmentTests.swift */; };
		FFB6A97B5F18519D154EAC9C /* AppRouter.swift in Sources */ = {isa = PBXBuildFile; fileRef = 5DE2FB3D6ADFFA295C9B956F /* AppRouter.swift */; };
/* End PBXBuildFile section */

/* Begin PBXContainerItemProxy section */
		797D5DEA202A92706BA311E5 /* PBXContainerItemProxy */ = {
			isa = PBXContainerItemProxy;
			containerPortal = EA9352D76133C69C35180717 /* Project object */;
			proxyType = 1;
			remoteGlobalIDString = 27BCF2E7659C77D3DD3882F0;
			remoteInfo = Synara;
		};
		938E8733423E8E7738B8C5DA /* PBXContainerItemProxy */ = {
			isa = PBXContainerItemProxy;
			containerPortal = EA9352D76133C69C35180717 /* Project object */;
			proxyType = 1;
			remoteGlobalIDString = 27BCF2E7659C77D3DD3882F0;
			remoteInfo = Synara;
		};
/* End PBXContainerItemProxy section */

/* Begin PBXFileReference section */
		00D51C4E0E89D32C8D99CC22 /* PerformanceInstrumentation.swift */ = {isa = PBXFileReference; lastKnownFileType = sourcecode.swift; path = PerformanceInstrumentation.swift; sourceTree = "<group>"; };
		017B2EBED1FF4FF0EC25CB24 /* AuthServiceTests.swift */ = {isa = PBXFileReference; lastKnownFileType = sourcecode.swift; path = AuthServiceTests.swift; sourceTree = "<group>"; };
		03ECE8FDA43404E53231A280 /* SynaraUITests.xctest */ = {isa = PBXFileReference; includeInIndex = 0; lastKnownFileType = wrapper.cfbundle; path = SynaraUITests.xctest; sourceTree = BUILT_PRODUCTS_DIR; };
		0D42B2D11968F0B23193A4ED /* RoomListServiceTests.swift */ = {isa = PBXFileReference; lastKnownFileType = sourcecode.swift; path = RoomListServiceTests.swift; sourceTree = "<group>"; };
		12329DB928DC3AB27731C926 /* HomeserverDiscoveryTests.swift */ = {isa = PBXFileReference; lastKnownFileType = sourcecode.swift; path = HomeserverDiscoveryTests.swift; sourceTree = "<group>"; };
		14082967A84F18C386D01EFB /* SynaraContracts.swift */ = {isa = PBXFileReference; lastKnownFileType = sourcecode.swift; path = SynaraContracts.swift; sourceTree = "<group>"; };
		15DF14E92067B54B5BF14404 /* LogRedactorTests.swift */ = {isa = PBXFileReference; lastKnownFileType = sourcecode.swift; path = LogRedactorTests.swift; sourceTree = "<group>"; };
		184EF5364268AFF19F35E66B /* PrivacyInfo.xcprivacy */ = {isa = PBXFileReference; path = PrivacyInfo.xcprivacy; sourceTree = "<group>"; };
		1C0070A890F80B56DD756D02 /* SecureSessionStoreTests.swift */ = {isa = PBXFileReference; lastKnownFileType = sourcecode.swift; path = SecureSessionStoreTests.swift; sourceTree = "<group>"; };
		2515972271FDB4E4717F0CEE /* LoginView.swift */ = {isa = PBXFileReference; lastKnownFileType = sourcecode.swift; path = LoginView.swift; sourceTree = "<group>"; };
		253AA6941119C1C9D4F2DE3D /* AppRoute.swift */ = {isa = PBXFileReference; lastKnownFileType = sourcecode.swift; path = AppRoute.swift; sourceTree = "<group>"; };
		28004193A008B4EDFF0E6E18 /* ComposerServiceTests.swift */ = {isa = PBXFileReference; lastKnownFileType = sourcecode.swift; path = ComposerServiceTests.swift; sourceTree = "<group>"; };
		2CBE437294BD93B48D7CDF75 /* MatrixLifecycleTests.swift */ = {isa = PBXFileReference; lastKnownFileType = sourcecode.swift; path = MatrixLifecycleTests.swift; sourceTree = "<group>"; };
		3C94FF43A1B1DDDCF8067FB1 /* AppLogging.swift */ = {isa = PBXFileReference; lastKnownFileType = sourcecode.swift; path = AppLogging.swift; sourceTree = "<group>"; };
		3FF241378CB1601D3575AF03 /* AppEnvironmentTests.swift */ = {isa = PBXFileReference; lastKnownFileType = sourcecode.swift; path = AppEnvironmentTests.swift; sourceTree = "<group>"; };
		40037D97F31F787EA20BD7AE /* PushServiceTests.swift */ = {isa = PBXFileReference; lastKnownFileType = sourcecode.swift; path = PushServiceTests.swift; sourceTree = "<group>"; };
		417DD4194803886BB803C6A6 /* RoomListView.swift */ = {isa = PBXFileReference; lastKnownFileType = sourcecode.swift; path = RoomListView.swift; sourceTree = "<group>"; };
		45436B56CDB7CBBD40303484 /* AgentApprovalServiceTests.swift */ = {isa = PBXFileReference; lastKnownFileType = sourcecode.swift; path = AgentApprovalServiceTests.swift; sourceTree = "<group>"; };
		4697063405B601DC0FE6F086 /* PerformanceFixtureTests.swift */ = {isa = PBXFileReference; lastKnownFileType = sourcecode.swift; path = PerformanceFixtureTests.swift; sourceTree = "<group>"; };
		4E13415F14EC8A65D465380C /* SynaraDesign.swift */ = {isa = PBXFileReference; lastKnownFileType = sourcecode.swift; path = SynaraDesign.swift; sourceTree = "<group>"; };
		57076E7E82206F1492033846 /* RootShellView.swift */ = {isa = PBXFileReference; lastKnownFileType = sourcecode.swift; path = RootShellView.swift; sourceTree = "<group>"; };
		5DE2FB3D6ADFFA295C9B956F /* AppRouter.swift */ = {isa = PBXFileReference; lastKnownFileType = sourcecode.swift; path = AppRouter.swift; sourceTree = "<group>"; };
		633F1D9CBE601BF3E42E4B1B /* TimelineServiceTests.swift */ = {isa = PBXFileReference; lastKnownFileType = sourcecode.swift; path = TimelineServiceTests.swift; sourceTree = "<group>"; };
		80584058D243DE7197CF3096 /* AgentActionService.swift */ = {isa = PBXFileReference; lastKnownFileType = sourcecode.swift; path = AgentActionService.swift; sourceTree = "<group>"; };
		8A4D48D89C01C70901919CAB /* AppServices.swift */ = {isa = PBXFileReference; lastKnownFileType = sourcecode.swift; path = AppServices.swift; sourceTree = "<group>"; };
		8A5CC96CDA94EE562BDBA416 /* Synara.app */ = {isa = PBXFileReference; includeInIndex = 0; lastKnownFileType = wrapper.application; path = Synara.app; sourceTree = BUILT_PRODUCTS_DIR; };
		9D0A5EA751CC5D570C324084 /* SynaraUITests.swift */ = {isa = PBXFileReference; lastKnownFileType = sourcecode.swift; path = SynaraUITests.swift; sourceTree = "<group>"; };
		9DA6E8858D607B040754AF0E /* AgentActionResolverTests.swift */ = {isa = PBXFileReference; lastKnownFileType = sourcecode.swift; path = AgentActionResolverTests.swift; sourceTree = "<group>"; };
		A460B0098799FF6C79F0756E /* RoomTimelineView.swift */ = {isa = PBXFileReference; lastKnownFileType = sourcecode.swift; path = RoomTimelineView.swift; sourceTree = "<group>"; };
		A5077C08931AFE23ABB6EBFB /* LocalWipeService.swift */ = {isa = PBXFileReference; lastKnownFileType = sourcecode.swift; path = LocalWipeService.swift; sourceTree = "<group>"; };
		A602AD446A2DD4C7C3A476ED /* PushService.swift */ = {isa = PBXFileReference; lastKnownFileType = sourcecode.swift; path = PushService.swift; sourceTree = "<group>"; };
		A7A9908B77A7CB8F4A4CC55A /* ComposerService.swift */ = {isa = PBXFileReference; lastKnownFileType = sourcecode.swift; path = ComposerService.swift; sourceTree = "<group>"; };
		A856EC4E030E1E38C04CBE4B /* EventActionService.swift */ = {isa = PBXFileReference; lastKnownFileType = sourcecode.swift; path = EventActionService.swift; sourceTree = "<group>"; };
		AA155782137A4B5F84513EE1 /* Info.plist */ = {isa = PBXFileReference; lastKnownFileType = text.plist; path = Info.plist; sourceTree = "<group>"; };
		B10EE99838CAB266CBA8416E /* Synara.entitlements */ = {isa = PBXFileReference; lastKnownFileType = text.plist.entitlements; path = Synara.entitlements; sourceTree = "<group>"; };
		B2E4F1A7ADF247942C6D0059 /* SynaraApp.swift */ = {isa = PBXFileReference; lastKnownFileType = sourcecode.swift; path = SynaraApp.swift; sourceTree = "<group>"; };
		B3ECC92EE34CCE4DB57A5D3E /* MediaService.swift */ = {isa = PBXFileReference; lastKnownFileType = sourcecode.swift; path = MediaService.swift; sourceTree = "<group>"; };
		B41D9817A0F821E67BCD9C00 /* HomeserverDiscovery.swift */ = {isa = PBXFileReference; lastKnownFileType = sourcecode.swift; path = HomeserverDiscovery.swift; sourceTree = "<group>"; };
		B5BE26F02C5C59C8ED097BF8 /* LaterListView.swift */ = {isa = PBXFileReference; lastKnownFileType = sourcecode.swift; path = LaterListView.swift; sourceTree = "<group>"; };
		B6E7399D69CF6418A4206407 /* RoomListService.swift */ = {isa = PBXFileReference; lastKnownFileType = sourcecode.swift; path = RoomListService.swift; sourceTree = "<group>"; };
		C0FBB16EA6FF93511B2EE8F0 /* SettingsView.swift */ = {isa = PBXFileReference; lastKnownFileType = sourcecode.swift; path = SettingsView.swift; sourceTree = "<group>"; };
		C261C2AFA98091E546B19E90 /* LocalWipeServiceTests.swift */ = {isa = PBXFileReference; lastKnownFileType = sourcecode.swift; path = LocalWipeServiceTests.swift; sourceTree = "<group>"; };
		C3035383FA98B774B4F47C39 /* Assets.xcassets */ = {isa = PBXFileReference; lastKnownFileType = folder.assetcatalog; path = Assets.xcassets; sourceTree = "<group>"; };
		C52EDC986E0B57231E77F695 /* HomeserverSelectionView.swift */ = {isa = PBXFileReference; lastKnownFileType = sourcecode.swift; path = HomeserverSelectionView.swift; sourceTree = "<group>"; };
		C830BF9B8F7ED001CA8AC317 /* AuthService.swift */ = {isa = PBXFileReference; lastKnownFileType = sourcecode.swift; path = AuthService.swift; sourceTree = "<group>"; };
		CAB0B1FDD47555E50BE466B2 /* MediaServiceTests.swift */ = {isa = PBXFileReference; lastKnownFileType = sourcecode.swift; path = MediaServiceTests.swift; sourceTree = "<group>"; };
		CB040EB752E246AD052AC7E7 /* AppEnvironment.swift */ = {isa = PBXFileReference; lastKnownFileType = sourcecode.swift; path = AppEnvironment.swift; sourceTree = "<group>"; };
		CDD7517A55AC0E513E708AA0 /* SecureSessionStore.swift */ = {isa = PBXFileReference; lastKnownFileType = sourcecode.swift; path = SecureSessionStore.swift; sourceTree = "<group>"; };
		CEE944AA45DCF6DA43357823 /* MatrixRustSDKService.swift */ = {isa = PBXFileReference; lastKnownFileType = sourcecode.swift; path = MatrixRustSDKService.swift; sourceTree = "<group>"; };
		D3219D555ED36F65BF9FE332 /* SynaraTests.xctest */ = {isa = PBXFileReference; includeInIndex = 0; lastKnownFileType = wrapper.cfbundle; path = SynaraTests.xctest; sourceTree = BUILT_PRODUCTS_DIR; };
		DCD86C72DEE3F411D1FABB6B /* AppTab.swift */ = {isa = PBXFileReference; lastKnownFileType = sourcecode.swift; path = AppTab.swift; sourceTree = "<group>"; };
		E23CEDAB04604A54EF7EAF9B /* PlaceholderScreen.swift */ = {isa = PBXFileReference; lastKnownFileType = sourcecode.swift; path = PlaceholderScreen.swift; sourceTree = "<group>"; };
		E8CE546B97B6AE15795C6E76 /* EventActionServiceTests.swift */ = {isa = PBXFileReference; lastKnownFileType = sourcecode.swift; path = EventActionServiceTests.swift; sourceTree = "<group>"; };
		EDFDD334C6EF890B453477E1 /* TimelineService.swift */ = {isa = PBXFileReference; lastKnownFileType = sourcecode.swift; path = TimelineService.swift; sourceTree = "<group>"; };
		EE92B48EA7FF49B2D9FED1FE /* SynaraContractsTests.swift */ = {isa = PBXFileReference; lastKnownFileType = sourcecode.swift; path = SynaraContractsTests.swift; sourceTree = "<group>"; };
		F55BBDF32970A214C2829B1B /* AppRouteTests.swift */ = {isa = PBXFileReference; lastKnownFileType = sourcecode.swift; path = AppRouteTests.swift; sourceTree = "<group>"; };
/* End PBXFileReference section */

/* Begin PBXFrameworksBuildPhase section */
		1A008702E0E402A2835D52D3 /* Frameworks */ = {
			isa = PBXFrameworksBuildPhase;
			buildActionMask = 2147483647;
			files = (
				3C76DA11CB749760025BAB3F /* MatrixRustSDK in Frameworks */,
			);
			runOnlyForDeploymentPostprocessing = 0;
		};
/* End PBXFrameworksBuildPhase section */

/* Begin PBXGroup section */
		1E3176E5C6C0F7405EC9FDD3 = {
			isa = PBXGroup;
			children = (
				CE2F9B69EA02147F6C8247BF /* Synara */,
				EB41A3D5935B6631081FBA0D /* SynaraTests */,
				5A6E3FAD9AFBD7357D9C974E /* SynaraUITests */,
				539906F05A3BEACFAD1E5565 /* Products */,
			);
			sourceTree = "<group>";
		};
		206AF00355E9B840C00AD4A5 /* Features */ = {
			isa = PBXGroup;
			children = (
				C52EDC986E0B57231E77F695 /* HomeserverSelectionView.swift */,
				B5BE26F02C5C59C8ED097BF8 /* LaterListView.swift */,
				2515972271FDB4E4717F0CEE /* LoginView.swift */,
				E23CEDAB04604A54EF7EAF9B /* PlaceholderScreen.swift */,
				417DD4194803886BB803C6A6 /* RoomListView.swift */,
				A460B0098799FF6C79F0756E /* RoomTimelineView.swift */,
				C0FBB16EA6FF93511B2EE8F0 /* SettingsView.swift */,
			);
			path = Features;
			sourceTree = "<group>";
		};
		3A4DA8BEFE5F5AF292A8D467 /* SharedUI */ = {
			isa = PBXGroup;
			children = (
				4E13415F14EC8A65D465380C /* SynaraDesign.swift */,
			);
			path = SharedUI;
			sourceTree = "<group>";
		};
		539906F05A3BEACFAD1E5565 /* Products */ = {
			isa = PBXGroup;
			children = (
				8A5CC96CDA94EE562BDBA416 /* Synara.app */,
				D3219D555ED36F65BF9FE332 /* SynaraTests.xctest */,
				03ECE8FDA43404E53231A280 /* SynaraUITests.xctest */,
			);
			name = Products;
			sourceTree = "<group>";
		};
		5A6E3FAD9AFBD7357D9C974E /* SynaraUITests */ = {
			isa = PBXGroup;
			children = (
				9D0A5EA751CC5D570C324084 /* SynaraUITests.swift */,
			);
			path = SynaraUITests;
			sourceTree = "<group>";
		};
		9BB7CAC1FBBBDFC5A77724A7 /* Services */ = {
			isa = PBXGroup;
			children = (
				80584058D243DE7197CF3096 /* AgentActionService.swift */,
				CB040EB752E246AD052AC7E7 /* AppEnvironment.swift */,
				3C94FF43A1B1DDDCF8067FB1 /* AppLogging.swift */,
				8A4D48D89C01C70901919CAB /* AppServices.swift */,
				C830BF9B8F7ED001CA8AC317 /* AuthService.swift */,
				A7A9908B77A7CB8F4A4CC55A /* ComposerService.swift */,
				A856EC4E030E1E38C04CBE4B /* EventActionService.swift */,
				B41D9817A0F821E67BCD9C00 /* HomeserverDiscovery.swift */,
				A5077C08931AFE23ABB6EBFB /* LocalWipeService.swift */,
				CEE944AA45DCF6DA43357823 /* MatrixRustSDKService.swift */,
				B3ECC92EE34CCE4DB57A5D3E /* MediaService.swift */,
				00D51C4E0E89D32C8D99CC22 /* PerformanceInstrumentation.swift */,
				A602AD446A2DD4C7C3A476ED /* PushService.swift */,
				B6E7399D69CF6418A4206407 /* RoomListService.swift */,
				CDD7517A55AC0E513E708AA0 /* SecureSessionStore.swift */,
				EDFDD334C6EF890B453477E1 /* TimelineService.swift */,
			);
			path = Services;
			sourceTree = "<group>";
		};
		CBF0FE9D91C40CC8D2490302 /* Resources */ = {
			isa = PBXGroup;
			children = (
				C3035383FA98B774B4F47C39 /* Assets.xcassets */,
				184EF5364268AFF19F35E66B /* PrivacyInfo.xcprivacy */,
				B10EE99838CAB266CBA8416E /* Synara.entitlements */,
			);
			path = Resources;
			sourceTree = "<group>";
		};
		CE2F9B69EA02147F6C8247BF /* Synara */ = {
			isa = PBXGroup;
			children = (
				F2EE5A0FC2E5D5F630BAB282 /* App */,
				DE9CED84C138D15ADE1C5DB5 /* Contracts */,
				206AF00355E9B840C00AD4A5 /* Features */,
				CBF0FE9D91C40CC8D2490302 /* Resources */,
				9BB7CAC1FBBBDFC5A77724A7 /* Services */,
				3A4DA8BEFE5F5AF292A8D467 /* SharedUI */,
			);
			path = Synara;
			sourceTree = "<group>";
		};
		DE9CED84C138D15ADE1C5DB5 /* Contracts */ = {
			isa = PBXGroup;
			children = (
				14082967A84F18C386D01EFB /* SynaraContracts.swift */,
			);
			path = Contracts;
			sourceTree = "<group>";
		};
		EB41A3D5935B6631081FBA0D /* SynaraTests */ = {
			isa = PBXGroup;
			children = (
				9DA6E8858D607B040754AF0E /* AgentActionResolverTests.swift */,
				45436B56CDB7CBBD40303484 /* AgentApprovalServiceTests.swift */,
				3FF241378CB1601D3575AF03 /* AppEnvironmentTests.swift */,
				F55BBDF32970A214C2829B1B /* AppRouteTests.swift */,
				017B2EBED1FF4FF0EC25CB24 /* AuthServiceTests.swift */,
				28004193A008B4EDFF0E6E18 /* ComposerServiceTests.swift */,
				E8CE546B97B6AE15795C6E76 /* EventActionServiceTests.swift */,
				12329DB928DC3AB27731C926 /* HomeserverDiscoveryTests.swift */,
				C261C2AFA98091E546B19E90 /* LocalWipeServiceTests.swift */,
				15DF14E92067B54B5BF14404 /* LogRedactorTests.swift */,
				2CBE437294BD93B48D7CDF75 /* MatrixLifecycleTests.swift */,
				CAB0B1FDD47555E50BE466B2 /* MediaServiceTests.swift */,
				4697063405B601DC0FE6F086 /* PerformanceFixtureTests.swift */,
				40037D97F31F787EA20BD7AE /* PushServiceTests.swift */,
				0D42B2D11968F0B23193A4ED /* RoomListServiceTests.swift */,
				1C0070A890F80B56DD756D02 /* SecureSessionStoreTests.swift */,
				EE92B48EA7FF49B2D9FED1FE /* SynaraContractsTests.swift */,
				633F1D9CBE601BF3E42E4B1B /* TimelineServiceTests.swift */,
			);
			path = SynaraTests;
			sourceTree = "<group>";
		};
		F2EE5A0FC2E5D5F630BAB282 /* App */ = {
			isa = PBXGroup;
			children = (
				253AA6941119C1C9D4F2DE3D /* AppRoute.swift */,
				5DE2FB3D6ADFFA295C9B956F /* AppRouter.swift */,
				DCD86C72DEE3F411D1FABB6B /* AppTab.swift */,
				AA155782137A4B5F84513EE1 /* Info.plist */,
				57076E7E82206F1492033846 /* RootShellView.swift */,
				B2E4F1A7ADF247942C6D0059 /* SynaraApp.swift */,
			);
			path = App;
			sourceTree = "<group>";
		};
/* End PBXGroup section */

/* Begin PBXNativeTarget section */
		09AFB87B71C810FB1F2D5B1B /* SynaraUITests */ = {
			isa = PBXNativeTarget;
			buildConfigurationList = 4232C4981BA09AB8EE5FD0D6 /* Build configuration list for PBXNativeTarget "SynaraUITests" */;
			buildPhases = (
				5DAA4168080C51FD23C686E2 /* Sources */,
			);
			buildRules = (
			);
			dependencies = (
				BA16550DCEEEF30008C803AF /* PBXTargetDependency */,
			);
			name = SynaraUITests;
			packageProductDependencies = (
			);
			productName = SynaraUITests;
			productReference = 03ECE8FDA43404E53231A280 /* SynaraUITests.xctest */;
			productType = "com.apple.product-type.bundle.ui-testing";
		};
		27BCF2E7659C77D3DD3882F0 /* Synara */ = {
			isa = PBXNativeTarget;
			buildConfigurationList = DE554311BC15BC34BC44C0A8 /* Build configuration list for PBXNativeTarget "Synara" */;
			buildPhases = (
				3903FF6FE47F7C9A8662FA82 /* Sources */,
				925A71237A3FBF2B91AD497D /* Resources */,
				1A008702E0E402A2835D52D3 /* Frameworks */,
			);
			buildRules = (
			);
			dependencies = (
			);
			name = Synara;
			packageProductDependencies = (
				04B49FA4F6E9D7346F1EDC97 /* MatrixRustSDK */,
			);
			productName = Synara;
			productReference = 8A5CC96CDA94EE562BDBA416 /* Synara.app */;
			productType = "com.apple.product-type.application";
		};
		791D9AB64B4DDAF50B6FEC96 /* SynaraTests */ = {
			isa = PBXNativeTarget;
			buildConfigurationList = B2A0BFC65C4005EC33B2D837 /* Build configuration list for PBXNativeTarget "SynaraTests" */;
			buildPhases = (
				1ABB881AA0E4E1DDECBC02E2 /* Sources */,
			);
			buildRules = (
			);
			dependencies = (
				0CF3F76228EF81391B0A93FB /* PBXTargetDependency */,
			);
			name = SynaraTests;
			packageProductDependencies = (
			);
			productName = SynaraTests;
			productReference = D3219D555ED36F65BF9FE332 /* SynaraTests.xctest */;
			productType = "com.apple.product-type.bundle.unit-test";
		};
/* End PBXNativeTarget section */

/* Begin PBXProject section */
		EA9352D76133C69C35180717 /* Project object */ = {
			isa = PBXProject;
			attributes = {
				BuildIndependentTargetsInParallel = YES;
				LastUpgradeCheck = 1430;
				TargetAttributes = {
					09AFB87B71C810FB1F2D5B1B = {
						ProvisioningStyle = Automatic;
						TestTargetID = 27BCF2E7659C77D3DD3882F0;
					};
					27BCF2E7659C77D3DD3882F0 = {
						DevelopmentTeam = NK6CM9YJC6;
					};
					791D9AB64B4DDAF50B6FEC96 = {
						ProvisioningStyle = Automatic;
					};
				};
			};
			buildConfigurationList = 9F5FFB165A56ED4A34B3D774 /* Build configuration list for PBXProject "Synara" */;
			developmentRegion = en;
			hasScannedForEncodings = 0;
			knownRegions = (
				Base,
				en,
			);
			mainGroup = 1E3176E5C6C0F7405EC9FDD3;
			minimizedProjectReferenceProxies = 1;
			packageReferences = (
				17EDB652A583F50EF7606E92 /* XCRemoteSwiftPackageReference "matrix-rust-components-swift" */,
			);
			preferredProjectObjectVersion = 77;
			productRefGroup = 539906F05A3BEACFAD1E5565 /* Products */;
			projectDirPath = "";
			projectRoot = "";
			targets = (
				27BCF2E7659C77D3DD3882F0 /* Synara */,
				791D9AB64B4DDAF50B6FEC96 /* SynaraTests */,
				09AFB87B71C810FB1F2D5B1B /* SynaraUITests */,
			);
		};
/* End PBXProject section */

/* Begin PBXResourcesBuildPhase section */
		925A71237A3FBF2B91AD497D /* Resources */ = {
			isa = PBXResourcesBuildPhase;
			buildActionMask = 2147483647;
			files = (
				0729CE3EC35C32CEC12026B1 /* Assets.xcassets in Resources */,
				9D70F473C1C1E8971224F0B0 /* PrivacyInfo.xcprivacy in Resources */,
			);
			runOnlyForDeploymentPostprocessing = 0;
		};
/* End PBXResourcesBuildPhase section */

/* Begin PBXSourcesBuildPhase section */
		1ABB881AA0E4E1DDECBC02E2 /* Sources */ = {
			isa = PBXSourcesBuildPhase;
			buildActionMask = 2147483647;
			files = (
				969D33C61DAE6C1B12C9BCDB /* AgentActionResolverTests.swift in Sources */,
				6CCD8DBF4D4A6682D58FD5B1 /* AgentApprovalServiceTests.swift in Sources */,
				F2A315907EC47F18BB54CC1C /* AppEnvironmentTests.swift in Sources */,
				7BD7C2DB346D071A5121FC36 /* AppRouteTests.swift in Sources */,
				97901F6C1B589C2271A4975D /* AuthServiceTests.swift in Sources */,
				480BE3E7090674BEB4144D36 /* ComposerServiceTests.swift in Sources */,
				6022C473D59F944208C3E79D /* EventActionServiceTests.swift in Sources */,
				4C0DF38E441C5250941FE911 /* HomeserverDiscoveryTests.swift in Sources */,
				ECCF8209D63C8A3CD581CF75 /* LocalWipeServiceTests.swift in Sources */,
				3CF0BDAD36854DC8962393D4 /* LogRedactorTests.swift in Sources */,
				BFD957777F3C28C1ED7C69AD /* MatrixLifecycleTests.swift in Sources */,
				DD21E3D8ABB385F61B3E008F /* MediaServiceTests.swift in Sources */,
				195E1F1A887EF41A86A02A3A /* PerformanceFixtureTests.swift in Sources */,
				88AAAD208C97C1A9EFF8AFE5 /* PushServiceTests.swift in Sources */,
				76AE72648BA28AFF732BB8F6 /* RoomListServiceTests.swift in Sources */,
				45DB0A08CF868FFA984A3B0D /* SecureSessionStoreTests.swift in Sources */,
				504E908432E2659D05DE87F8 /* SynaraContractsTests.swift in Sources */,
				70328744CB4C90A1526E9E28 /* TimelineServiceTests.swift in Sources */,
			);
			runOnlyForDeploymentPostprocessing = 0;
		};
		3903FF6FE47F7C9A8662FA82 /* Sources */ = {
			isa = PBXSourcesBuildPhase;
			buildActionMask = 2147483647;
			files = (
				1DB7278B67BE35BB7DC62210 /* AgentActionService.swift in Sources */,
				56E15BC20C25F32A6D25BA18 /* AppEnvironment.swift in Sources */,
				1A25A4B89F510B78AED4E8C6 /* AppLogging.swift in Sources */,
				48CE91CF86CBAC3081878AC9 /* AppRoute.swift in Sources */,
				FFB6A97B5F18519D154EAC9C /* AppRouter.swift in Sources */,
				D46F130EFA2B2D58B79B605D /* AppServices.swift in Sources */,
				90B73234B5A1DC142783A451 /* AppTab.swift in Sources */,
				2AEC9CA069983AED2A534D47 /* AuthService.swift in Sources */,
				3AB84959BA0C8A2EB98CF309 /* ComposerService.swift in Sources */,
				E9028170C931CDFE77B89713 /* EventActionService.swift in Sources */,
				53A86DD39FD62D232711EB70 /* HomeserverDiscovery.swift in Sources */,
				89761685411B7F9D7FCCD863 /* HomeserverSelectionView.swift in Sources */,
				EFAE66D8EA286E31E189C876 /* LaterListView.swift in Sources */,
				0E68BDED62692800912DE41C /* LocalWipeService.swift in Sources */,
				8C497BFC6D2B9A3048BB2852 /* LoginView.swift in Sources */,
				5D6E01D7027F978C2751C1A9 /* MatrixRustSDKService.swift in Sources */,
				9B792F2B4073B7792ED943D8 /* MediaService.swift in Sources */,
				8B42041876057A9091D2F463 /* PerformanceInstrumentation.swift in Sources */,
				8CD1DCF6DA4B22967284D0F3 /* PlaceholderScreen.swift in Sources */,
				53A96EF2B937BE57AE02A15C /* PushService.swift in Sources */,
				A72441DA6F04ED38E6AFA5FD /* RoomListService.swift in Sources */,
				2F7828F754C6D475F5E161B4 /* RoomListView.swift in Sources */,
				652C81E69C2C1B922B4BE789 /* RoomTimelineView.swift in Sources */,
				9DA561CC126EB87B8410D7C7 /* RootShellView.swift in Sources */,
				A4B52FFB382C8BD8FFFDF5F9 /* SecureSessionStore.swift in Sources */,
				EE7410A9C8E4EB56072632D8 /* SettingsView.swift in Sources */,
				CC89EE97042280F04BD29498 /* SynaraApp.swift in Sources */,
				9F74223A8F55C5CF1DBAE27B /* SynaraContracts.swift in Sources */,
				BE33F8C817E797AB7182C4C0 /* SynaraDesign.swift in Sources */,
				4A665A8695E281B0E96F0A54 /* TimelineService.swift in Sources */,
			);
			runOnlyForDeploymentPostprocessing = 0;
		};
		5DAA4168080C51FD23C686E2 /* Sources */ = {
			isa = PBXSourcesBuildPhase;
			buildActionMask = 2147483647;
			files = (
				1794B11F45DC4ACBA302F956 /* SynaraUITests.swift in Sources */,
			);
			runOnlyForDeploymentPostprocessing = 0;
		};
/* End PBXSourcesBuildPhase section */

/* Begin PBXTargetDependency section */
		0CF3F76228EF81391B0A93FB /* PBXTargetDependency */ = {
			isa = PBXTargetDependency;
			target = 27BCF2E7659C77D3DD3882F0 /* Synara */;
			targetProxy = 797D5DEA202A92706BA311E5 /* PBXContainerItemProxy */;
		};
		BA16550DCEEEF30008C803AF /* PBXTargetDependency */ = {
			isa = PBXTargetDependency;
			target = 27BCF2E7659C77D3DD3882F0 /* Synara */;
			targetProxy = 938E8733423E8E7738B8C5DA /* PBXContainerItemProxy */;
		};
/* End PBXTargetDependency section */

/* Begin XCBuildConfiguration section */
		033D5B261A177B40A21FB108 /* Release */ = {
			isa = XCBuildConfiguration;
			buildSettings = {
				APS_ENVIRONMENT = production;
				ASSETCATALOG_COMPILER_APPICON_NAME = AppIcon;
				CODE_SIGN_ENTITLEMENTS = Synara/Resources/Synara.entitlements;
				CODE_SIGN_IDENTITY = "Apple Distribution";
				CODE_SIGN_STYLE = Manual;
				DEVELOPMENT_TEAM = NK6CM9YJC6;
				INFOPLIST_FILE = Synara/App/Info.plist;
				LD_RUNPATH_SEARCH_PATHS = (
					"$(inherited)",
					"@executable_path/Frameworks",
				);
				PRODUCT_BUNDLE_IDENTIFIER = com.whylandcreative.synara;
				PRODUCT_NAME = Synara;
				PROVISIONING_PROFILE_SPECIFIER = "Synara Matrix App Store";
				SDKROOT = iphoneos;
				TARGETED_DEVICE_FAMILY = "1,2";
			};
			name = Release;
		};
		11AC2BB48C76997CD4552253 /* Debug */ = {
			isa = XCBuildConfiguration;
			buildSettings = {
				APS_ENVIRONMENT = development;
				ASSETCATALOG_COMPILER_APPICON_NAME = AppIcon;
				CODE_SIGN_ENTITLEMENTS = Synara/Resources/Synara.entitlements;
				CODE_SIGN_IDENTITY = "iPhone Developer";
				DEVELOPMENT_TEAM = NK6CM9YJC6;
				INFOPLIST_FILE = Synara/App/Info.plist;
				LD_RUNPATH_SEARCH_PATHS = (
					"$(inherited)",
					"@executable_path/Frameworks",
				);
				PRODUCT_BUNDLE_IDENTIFIER = com.whylandcreative.synara;
				PRODUCT_NAME = Synara;
				SDKROOT = iphoneos;
				TARGETED_DEVICE_FAMILY = "1,2";
			};
			name = Debug;
		};
		1F95561606858A420919AE1E /* Release */ = {
			isa = XCBuildConfiguration;
			buildSettings = {
				BUNDLE_LOADER = "$(TEST_HOST)";
				CODE_SIGNING_ALLOWED = NO;
				LD_RUNPATH_SEARCH_PATHS = (
					"$(inherited)",
					"@executable_path/Frameworks",
					"@loader_path/Frameworks",
				);
				PRODUCT_BUNDLE_IDENTIFIER = com.whylandcreative.synara.uitests;
				SDKROOT = iphoneos;
				TARGETED_DEVICE_FAMILY = "1,2";
				TEST_TARGET_NAME = Synara;
			};
			name = Release;
		};
		464FCA1D294DA9ABE961D7DE /* Debug */ = {
			isa = XCBuildConfiguration;
			buildSettings = {
				ALWAYS_SEARCH_USER_PATHS = NO;
				CLANG_ANALYZER_NONNULL = YES;
				CLANG_ANALYZER_NUMBER_OBJECT_CONVERSION = YES_AGGRESSIVE;
				CLANG_CXX_LANGUAGE_STANDARD = "gnu++14";
				CLANG_CXX_LIBRARY = "libc++";
				CLANG_ENABLE_MODULES = YES;
				CLANG_ENABLE_OBJC_ARC = YES;
				CLANG_ENABLE_OBJC_WEAK = YES;
				CLANG_WARN_BLOCK_CAPTURE_AUTORELEASING = YES;
				CLANG_WARN_BOOL_CONVERSION = YES;
				CLANG_WARN_COMMA = YES;
				CLANG_WARN_CONSTANT_CONVERSION = YES;
				CLANG_WARN_DEPRECATED_OBJC_IMPLEMENTATIONS = YES;
				CLANG_WARN_DIRECT_OBJC_ISA_USAGE = YES_ERROR;
				CLANG_WARN_DOCUMENTATION_COMMENTS = YES;
				CLANG_WARN_EMPTY_BODY = YES;
				CLANG_WARN_ENUM_CONVERSION = YES;
				CLANG_WARN_INFINITE_RECURSION = YES;
				CLANG_WARN_INT_CONVERSION = YES;
				CLANG_WARN_NON_LITERAL_NULL_CONVERSION = YES;
				CLANG_WARN_OBJC_IMPLICIT_RETAIN_SELF = YES;
				CLANG_WARN_OBJC_LITERAL_CONVERSION = YES;
				CLANG_WARN_OBJC_ROOT_CLASS = YES_ERROR;
				CLANG_WARN_QUOTED_INCLUDE_IN_FRAMEWORK_HEADER = YES;
				CLANG_WARN_RANGE_LOOP_ANALYSIS = YES;
				CLANG_WARN_STRICT_PROTOTYPES = YES;
				CLANG_WARN_SUSPICIOUS_MOVE = YES;
				CLANG_WARN_UNGUARDED_AVAILABILITY = YES_AGGRESSIVE;
				CLANG_WARN_UNREACHABLE_CODE = YES;
				CLANG_WARN__DUPLICATE_METHOD_MATCH = YES;
				CODE_SIGN_STYLE = Automatic;
				COPY_PHASE_STRIP = NO;
				CURRENT_PROJECT_VERSION = 1.1.6;
				DEBUG_INFORMATION_FORMAT = dwarf;
				ENABLE_STRICT_OBJC_MSGSEND = YES;
				ENABLE_TESTABILITY = YES;
				GCC_C_LANGUAGE_STANDARD = gnu11;
				GCC_DYNAMIC_NO_PIC = NO;
				GCC_NO_COMMON_BLOCKS = YES;
				GCC_OPTIMIZATION_LEVEL = 0;
				GCC_PREPROCESSOR_DEFINITIONS = (
					"$(inherited)",
					"DEBUG=1",
				);
				GCC_WARN_64_TO_32_BIT_CONVERSION = YES;
				GCC_WARN_ABOUT_RETURN_TYPE = YES_ERROR;
				GCC_WARN_UNDECLARED_SELECTOR = YES;
				GCC_WARN_UNINITIALIZED_AUTOS = YES_AGGRESSIVE;
				GCC_WARN_UNUSED_FUNCTION = YES;
				GCC_WARN_UNUSED_VARIABLE = YES;
				IPHONEOS_DEPLOYMENT_TARGET = 16.0;
				MARKETING_VERSION = 1.1.1;
				MTL_ENABLE_DEBUG_INFO = INCLUDE_SOURCE;
				MTL_FAST_MATH = YES;
				ONLY_ACTIVE_ARCH = YES;
				PRODUCT_NAME = "$(TARGET_NAME)";
				SDKROOT = iphoneos;
				SWIFT_ACTIVE_COMPILATION_CONDITIONS = DEBUG;
				SWIFT_OPTIMIZATION_LEVEL = "-Onone";
				SWIFT_VERSION = 5.0;
			};
			name = Debug;
		};
		9A5C0BD805712779F119887A /* Debug */ = {
			isa = XCBuildConfiguration;
			buildSettings = {
				BUNDLE_LOADER = "$(TEST_HOST)";
				CODE_SIGNING_ALLOWED = NO;
				LD_RUNPATH_SEARCH_PATHS = (
					"$(inherited)",
					"@executable_path/Frameworks",
					"@loader_path/Frameworks",
				);
				PRODUCT_BUNDLE_IDENTIFIER = com.whylandcreative.synara.tests;
				SDKROOT = iphoneos;
				TARGETED_DEVICE_FAMILY = "1,2";
				TEST_HOST = "$(BUILT_PRODUCTS_DIR)/Synara.app/Synara";
			};
			name = Debug;
		};
		B1054016A110974004BA7A1A /* Release */ = {
			isa = XCBuildConfiguration;
			buildSettings = {
				ALWAYS_SEARCH_USER_PATHS = NO;
				CLANG_ANALYZER_NONNULL = YES;
				CLANG_ANALYZER_NUMBER_OBJECT_CONVERSION = YES_AGGRESSIVE;
				CLANG_CXX_LANGUAGE_STANDARD = "gnu++14";
				CLANG_CXX_LIBRARY = "libc++";
				CLANG_ENABLE_MODULES = YES;
				CLANG_ENABLE_OBJC_ARC = YES;
				CLANG_ENABLE_OBJC_WEAK = YES;
				CLANG_WARN_BLOCK_CAPTURE_AUTORELEASING = YES;
				CLANG_WARN_BOOL_CONVERSION = YES;
				CLANG_WARN_COMMA = YES;
				CLANG_WARN_CONSTANT_CONVERSION = YES;
				CLANG_WARN_DEPRECATED_OBJC_IMPLEMENTATIONS = YES;
				CLANG_WARN_DIRECT_OBJC_ISA_USAGE = YES_ERROR;
				CLANG_WARN_DOCUMENTATION_COMMENTS = YES;
				CLANG_WARN_EMPTY_BODY = YES;
				CLANG_WARN_ENUM_CONVERSION = YES;
				CLANG_WARN_INFINITE_RECURSION = YES;
				CLANG_WARN_INT_CONVERSION = YES;
				CLANG_WARN_NON_LITERAL_NULL_CONVERSION = YES;
				CLANG_WARN_OBJC_IMPLICIT_RETAIN_SELF = YES;
				CLANG_WARN_OBJC_LITERAL_CONVERSION = YES;
				CLANG_WARN_OBJC_ROOT_CLASS = YES_ERROR;
				CLANG_WARN_QUOTED_INCLUDE_IN_FRAMEWORK_HEADER = YES;
				CLANG_WARN_RANGE_LOOP_ANALYSIS = YES;
				CLANG_WARN_STRICT_PROTOTYPES = YES;
				CLANG_WARN_SUSPICIOUS_MOVE = YES;
				CLANG_WARN_UNGUARDED_AVAILABILITY = YES_AGGRESSIVE;
				CLANG_WARN_UNREACHABLE_CODE = YES;
				CLANG_WARN__DUPLICATE_METHOD_MATCH = YES;
				CODE_SIGN_STYLE = Automatic;
				COPY_PHASE_STRIP = NO;
				CURRENT_PROJECT_VERSION = 1.1.6;
				DEBUG_INFORMATION_FORMAT = "dwarf-with-dsym";
				ENABLE_NS_ASSERTIONS = NO;
				ENABLE_STRICT_OBJC_MSGSEND = YES;
				GCC_C_LANGUAGE_STANDARD = gnu11;
				GCC_NO_COMMON_BLOCKS = YES;
				GCC_WARN_64_TO_32_BIT_CONVERSION = YES;
				GCC_WARN_ABOUT_RETURN_TYPE = YES_ERROR;
				GCC_WARN_UNDECLARED_SELECTOR = YES;
				GCC_WARN_UNINITIALIZED_AUTOS = YES_AGGRESSIVE;
				GCC_WARN_UNUSED_FUNCTION = YES;
				GCC_WARN_UNUSED_VARIABLE = YES;
				IPHONEOS_DEPLOYMENT_TARGET = 16.0;
				MARKETING_VERSION = 1.1.1;
				MTL_ENABLE_DEBUG_INFO = NO;
				MTL_FAST_MATH = YES;
				PRODUCT_NAME = "$(TARGET_NAME)";
				SDKROOT = iphoneos;
				SWIFT_COMPILATION_MODE = wholemodule;
				SWIFT_OPTIMIZATION_LEVEL = "-O";
				SWIFT_VERSION = 5.0;
			};
			name = Release;
		};
		B9F8D4DD53F7FBBB6D255AB7 /* Release */ = {
			isa = XCBuildConfiguration;
			buildSettings = {
				BUNDLE_LOADER = "$(TEST_HOST)";
				CODE_SIGNING_ALLOWED = NO;
				LD_RUNPATH_SEARCH_PATHS = (
					"$(inherited)",
					"@executable_path/Frameworks",
					"@loader_path/Frameworks",
				);
				PRODUCT_BUNDLE_IDENTIFIER = com.whylandcreative.synara.tests;
				SDKROOT = iphoneos;
				TARGETED_DEVICE_FAMILY = "1,2";
				TEST_HOST = "$(BUILT_PRODUCTS_DIR)/Synara.app/Synara";
			};
			name = Release;
		};
		D7AB6826A0150E4FCC90C7FC /* Debug */ = {
			isa = XCBuildConfiguration;
			buildSettings = {
				BUNDLE_LOADER = "$(TEST_HOST)";
				CODE_SIGNING_ALLOWED = NO;
				LD_RUNPATH_SEARCH_PATHS = (
					"$(inherited)",
					"@executable_path/Frameworks",
					"@loader_path/Frameworks",
				);
				PRODUCT_BUNDLE_IDENTIFIER = com.whylandcreative.synara.uitests;
				SDKROOT = iphoneos;
				TARGETED_DEVICE_FAMILY = "1,2";
				TEST_TARGET_NAME = Synara;
			};
			name = Debug;
		};
/* End XCBuildConfiguration section */

/* Begin XCConfigurationList section */
		4232C4981BA09AB8EE5FD0D6 /* Build configuration list for PBXNativeTarget "SynaraUITests" */ = {
			isa = XCConfigurationList;
			buildConfigurations = (
				D7AB6826A0150E4FCC90C7FC /* Debug */,
				1F95561606858A420919AE1E /* Release */,
			);
			defaultConfigurationIsVisible = 0;
			defaultConfigurationName = Debug;
		};
		9F5FFB165A56ED4A34B3D774 /* Build configuration list for PBXProject "Synara" */ = {
			isa = XCConfigurationList;
			buildConfigurations = (
				464FCA1D294DA9ABE961D7DE /* Debug */,
				B1054016A110974004BA7A1A /* Release */,
			);
			defaultConfigurationIsVisible = 0;
			defaultConfigurationName = Debug;
		};
		B2A0BFC65C4005EC33B2D837 /* Build configuration list for PBXNativeTarget "SynaraTests" */ = {
			isa = XCConfigurationList;
			buildConfigurations = (
				9A5C0BD805712779F119887A /* Debug */,
				B9F8D4DD53F7FBBB6D255AB7 /* Release */,
			);
			defaultConfigurationIsVisible = 0;
			defaultConfigurationName = Debug;
		};
		DE554311BC15BC34BC44C0A8 /* Build configuration list for PBXNativeTarget "Synara" */ = {
			isa = XCConfigurationList;
			buildConfigurations = (
				11AC2BB48C76997CD4552253 /* Debug */,
				033D5B261A177B40A21FB108 /* Release */,
			);
			defaultConfigurationIsVisible = 0;
			defaultConfigurationName = Debug;
		};
/* End XCConfigurationList section */

/* Begin XCRemoteSwiftPackageReference section */
		17EDB652A583F50EF7606E92 /* XCRemoteSwiftPackageReference "matrix-rust-components-swift" */ = {
			isa = XCRemoteSwiftPackageReference;
			repositoryURL = "https://github.com/matrix-org/matrix-rust-components-swift.git";
			requirement = {
				kind = exactVersion;
				version = 26.05.13;
			};
		};
/* End XCRemoteSwiftPackageReference section */

/* Begin XCSwiftPackageProductDependency section */
		04B49FA4F6E9D7346F1EDC97 /* MatrixRustSDK */ = {
			isa = XCSwiftPackageProductDependency;
			package = 17EDB652A583F50EF7606E92 /* XCRemoteSwiftPackageReference "matrix-rust-components-swift" */;
			productName = MatrixRustSDK;
		};
/* End XCSwiftPackageProductDependency section */
	};
	rootObject = EA9352D76133C69C35180717 /* Project object */;
}
