{
  "originHash" : "7cc7c9f94c58190a0f9af0730b32bfa0fcbef8a1c3132225eafad14e728f1fed",
  "pins" : [
    {
      "identity" : "matrix-rust-components-swift",
      "kind" : "remoteSourceControl",
      "location" : "https://github.com/matrix-org/matrix-rust-components-swift.git",
      "state" : {
        "revision" : "ec3b2161ba371a13609e7181077d2f3baef188f5",
        "version" : "26.6.6"
      }
    }
  ],
  "version" : 3
}
