{
  "originHash" : "1bee0c5ba4c9d446c9148d256ed509434397d13edfee8440fba2288a78b268c0",
  "pins" : [
    {
      "identity" : "matrix-rust-components-swift",
      "kind" : "remoteSourceControl",
      "location" : "https://github.com/matrix-org/matrix-rust-components-swift.git",
      "state" : {
        "revision" : "02133b466cddbd5c911881acbb29cf14e5563344",
        "version" : "26.5.13"
      }
    }
  ],
  "version" : 3
}
