{
  "originHash" : "1bee0c5ba4c9d446c9148d256ed509434397d13edfee8440fba2288a78b268c0",
  "pins" : [
    {
      "identity" : "matrix-rust-components-swift",
      "kind" : "remoteSourceControl",
      "location" : "https://github.com/matrix-org/matrix-rust-components-swift.git",
      "state" : {
        "revision" : "ec3b2161ba371a13609e7181077d2f3baef188f5",
        "version" : "26.6.6"
      }
    }
  ],
  "version" : 3
}
